Microsoft Visual Studio Solution File, Format Version 12.00
# Visual Studio Version 17
VisualStudioVersion = 17.5.2.0
MinimumVisualStudioVersion = 10.0.40219.1
Project("{2150E333-8FDC-42A3-9474-1A3956D46DE8}") = "csharp", "csharp", "{B41BF331-FCCB-2ADF-CDB6-767964B34647}"
EndProject
Project("{FAE04EC0-301F-11D3-BF4B-00C04F79EFBC}") = "csharp", "csharp\csharp\csharp.csproj", "{D1F308DF-CF07-F790-75CD-5F3B56AA916E}"
EndProject
Global
	GlobalSection(SolutionConfigurationPlatforms) = preSolution
		Debug|Any CPU = Debug|Any CPU
		Release|Any CPU = Release|Any CPU
	EndGlobalSection
	GlobalSection(ProjectConfigurationPlatforms) = postSolution
		{D1F308DF-CF07-F790-75CD-5F3B56AA916E}.Debug|Any CPU.ActiveCfg = Debug|Any CPU
		{D1F308DF-CF07-F790-75CD-5F3B56AA916E}.Debug|Any CPU.Build.0 = Debug|Any CPU
		{D1F308DF-CF07-F790-75CD-5F3B56AA916E}.Release|Any CPU.ActiveCfg = Release|Any CPU
		{D1F308DF-CF07-F790-75CD-5F3B56AA916E}.Release|Any CPU.Build.0 = Release|Any CPU
	EndGlobalSection
	GlobalSection(SolutionProperties) = preSolution
		HideSolutionNode = FALSE
	EndGlobalSection
	GlobalSection(NestedProjects) = preSolution
		{D1F308DF-CF07-F790-75CD-5F3B56AA916E} = {B41BF331-FCCB-2ADF-CDB6-767964B34647}
	EndGlobalSection
	GlobalSection(ExtensibilityGlobals) = postSolution
		SolutionGuid = {36729814-3D06-49F4-8D46-FFAB00A456D9}
	EndGlobalSection
EndGlobal
